
Microsoft Visual Studio Solution File, Format Version 12.00
# Visual Studio Version 16
VisualStudioVersion = 16.0.30413.136
MinimumVisualStudioVersion = 10.0.40219.1
Project("{FAE04EC0-301F-11D3-BF4B-00C04F79EFBC}") = "Lab1", "Lab1.csproj", "{A8EE5775-3A4E-4500-A423-1C95D6E63FB0}"
EndProject
Global
	GlobalSection(SolutionConfigurationPlatforms) = preSolution
		Debug|Any CPU = Debug|Any CPU
		Release|Any CPU = Release|Any CPU
	EndGlobalSection
	GlobalSection(ProjectConfigurationPlatforms) = postSolution
		{A8EE5775-3A4E-4500-A423-1C95D6E63FB0}.Debug|Any CPU.ActiveCfg = Debug|Any CPU
		{A8EE5775-3A4E-4500-A423-1C95D6E63FB0}.Debug|Any CPU.Build.0 = Debug|Any CPU
		{A8EE5775-3A4E-4500-A423-1C95D6E63FB0}.Release|Any CPU.ActiveCfg = Release|Any CPU
		{A8EE5775-3A4E-4500-A423-1C95D6E63FB0}.Release|Any CPU.Build.0 = Release|Any CPU
	EndGlobalSection
	GlobalSection(SolutionProperties) = preSolution
		HideSolutionNode = FALSE
	EndGlobalSection
	GlobalSection(ExtensibilityGlobals) = postSolution
		SolutionGuid = {D35F6ED1-D60E-4335-8F61-94441DB6EA86}
	EndGlobalSection
EndGlobal
